
Microsoft Visual Studio Solution File, Format Version 12.00
# Visual Studio Version 16
VisualStudioVersion = 16.0.30114.105
MinimumVisualStudioVersion = 10.0.40219.1
Project("{8BC9CEB8-8B4A-11D0-8D11-00A0C91BC942}") = "Project1_WEEK1", "Project1_WEEK1\Project1_WEEK1.vcxproj", "{CE335EA1-7341-4E74-8DF5-4780328444EF}"
EndProject
Global
	GlobalSection(SolutionConfigurationPlatforms) = preSolution
		Debug|x64 = Debug|x64
		Debug|x86 = Debug|x86
		Release|x64 = Release|x64
		Release|x86 = Release|x86
	EndGlobalSection
	GlobalSection(ProjectConfigurationPlatforms) = postSolution
		{CE335EA1-7341-4E74-8DF5-4780328444EF}.Debug|x64.ActiveCfg = Debug|x64
		{CE335EA1-7341-4E74-8DF5-4780328444EF}.Debug|x64.Build.0 = Debug|x64
		{CE335EA1-7341-4E74-8DF5-4780328444EF}.Debug|x86.ActiveCfg = Debug|Win32
		{CE335EA1-7341-4E74-8DF5-4780328444EF}.Debug|x86.Build.0 = Debug|Win32
		{CE335EA1-7341-4E74-8DF5-4780328444EF}.Release|x64.ActiveCfg = Release|x64
		{CE335EA1-7341-4E74-8DF5-4780328444EF}.Release|x64.Build.0 = Release|x64
		{CE335EA1-7341-4E74-8DF5-4780328444EF}.Release|x86.ActiveCfg = Release|Win32
		{CE335EA1-7341-4E74-8DF5-4780328444EF}.Release|x86.Build.0 = Release|Win32
	EndGlobalSection
	GlobalSection(SolutionProperties) = preSolution
		HideSolutionNode = FALSE
	EndGlobalSection
	GlobalSection(ExtensibilityGlobals) = postSolution
		SolutionGuid = {DB980699-F4F3-41F9-BADF-AD0C898B1138}
	EndGlobalSection
EndGlobal
